PODS:
  - IRFAutoCompletionKit (0.1.0):
    - IRFAutoCompletionKit/CompletionProviders
    - IRFAutoCompletionKit/ViewControllers
    - IRFAutoCompletionKit/ViewManagers
  - IRFAutoCompletionKit/CompletionProviders (0.1.0):
    - IRFEmojiCheatSheet
  - IRFAutoCompletionKit/ViewControllers (0.1.0)
  - IRFAutoCompletionKit/ViewManagers (0.1.0)
  - IRFEmojiCheatSheet (0.3.0)
  - Kiwi/ARC (2.2.3)
  - Kiwi/NonARC (2.2.3)
  - Kiwi/XCTest (2.2.3):
    - Kiwi/ARC
    - Kiwi/NonARC

DEPENDENCIES:
  - IRFAutoCompletionKit (from `../`)
  - Kiwi/XCTest

EXTERNAL SOURCES:
  IRFAutoCompletionKit:
    :path: ../

SPEC CHECKSUMS:
  IRFAutoCompletionKit: 1429d5cb649ec94d11af75c85f5e2e202194b330
  IRFEmojiCheatSheet: 88536eccaa3d994a8300063ea4b9cfc245561df5
  Kiwi: 04c51e880831d291748ec702d42c4101f7eb95c9

COCOAPODS: 0.27.1
